
Microsoft Visual Studio Solution File, Format Version 12.00
# Visual Studio 15
VisualStudioVersion = 15.0.28010.2016
MinimumVisualStudioVersion = 10.0.40219.1
Project("{9A19103F-16F7-4668-BE54-9A1E7A4F7556}") = "core2", "core2\core2.csproj", "{5B664F6A-23F9-47B0-A1B6-2AE262591673}"
EndProject
Project("{FAE04EC0-301F-11D3-BF4B-00C04F79EFBC}") = "MainProject", "MainProject\MainProject.csproj", "{E3B55D4B-AD2E-45EF-9A0A-88AB117B6629}"
EndProject
Global
	GlobalSection(SolutionConfigurationPlatforms) = preSolution
		Debug|Any CPU = Debug|Any CPU
		Release|Any CPU = Release|Any CPU
	EndGlobalSection
	GlobalSection(ProjectConfigurationPlatforms) = postSolution
		{5B664F6A-23F9-47B0-A1B6-2AE262591673}.Debug|Any CPU.ActiveCfg = Debug|Any CPU
		{5B664F6A-23F9-47B0-A1B6-2AE262591673}.Debug|Any CPU.Build.0 = Debug|Any CPU
		{5B664F6A-23F9-47B0-A1B6-2AE262591673}.Release|Any CPU.ActiveCfg = Release|Any CPU
		{5B664F6A-23F9-47B0-A1B6-2AE262591673}.Release|Any CPU.Build.0 = Release|Any CPU
		{E3B55D4B-AD2E-45EF-9A0A-88AB117B6629}.Debug|Any CPU.ActiveCfg = Debug|Any CPU
		{E3B55D4B-AD2E-45EF-9A0A-88AB117B6629}.Debug|Any CPU.Build.0 = Debug|Any CPU
		{E3B55D4B-AD2E-45EF-9A0A-88AB117B6629}.Release|Any CPU.ActiveCfg = Release|Any CPU
		{E3B55D4B-AD2E-45EF-9A0A-88AB117B6629}.Release|Any CPU.Build.0 = Release|Any CPU
	EndGlobalSection
	GlobalSection(SolutionProperties) = preSolution
		HideSolutionNode = FALSE
	EndGlobalSection
	GlobalSection(ExtensibilityGlobals) = postSolution
		SolutionGuid = {5151D184-12C0-41A2-99A0-2CFE5219716B}
	EndGlobalSection
EndGlobal
